
Microsoft Visual Studio Solution File, Format Version 12.00
# Visual Studio 15
VisualStudioVersion = 15.0.28010.2046
MinimumVisualStudioVersion = 10.0.40219.1
Project("{FAE04EC0-301F-11D3-BF4B-00C04F79EFBC}") = "EquazioniLibrary", "EquazioniLibrary\EquazioniLibrary.csproj", "{56B5765C-0AF1-44C6-B092-C76AB6BEA080}"
EndProject
Project("{FAE04EC0-301F-11D3-BF4B-00C04F79EFBC}") = "EquazioniLibrary.Test", "EquazioniLibrary.Test\EquazioniLibrary.Test.csproj", "{B2B4BB06-1928-48A6-94EF-A38BA5433999}"
EndProject
Global
	GlobalSection(SolutionConfigurationPlatforms) = preSolution
		Debug|Any CPU = Debug|Any CPU
		Release|Any CPU = Release|Any CPU
	EndGlobalSection
	GlobalSection(ProjectConfigurationPlatforms) = postSolution
		{56B5765C-0AF1-44C6-B092-C76AB6BEA080}.Debug|Any CPU.ActiveCfg = Debug|Any CPU
		{56B5765C-0AF1-44C6-B092-C76AB6BEA080}.Debug|Any CPU.Build.0 = Debug|Any CPU
		{56B5765C-0AF1-44C6-B092-C76AB6BEA080}.Release|Any CPU.ActiveCfg = Release|Any CPU
		{56B5765C-0AF1-44C6-B092-C76AB6BEA080}.Release|Any CPU.Build.0 = Release|Any CPU
		{B2B4BB06-1928-48A6-94EF-A38BA5433999}.Debug|Any CPU.ActiveCfg = Debug|Any CPU
		{B2B4BB06-1928-48A6-94EF-A38BA5433999}.Debug|Any CPU.Build.0 = Debug|Any CPU
		{B2B4BB06-1928-48A6-94EF-A38BA5433999}.Release|Any CPU.ActiveCfg = Release|Any CPU
		{B2B4BB06-1928-48A6-94EF-A38BA5433999}.Release|Any CPU.Build.0 = Release|Any CPU
	EndGlobalSection
	GlobalSection(SolutionProperties) = preSolution
		HideSolutionNode = FALSE
	EndGlobalSection
	GlobalSection(ExtensibilityGlobals) = postSolution
		SolutionGuid = {EA0007FC-EA3D-40FF-906C-D1DA86A3FB32}
	EndGlobalSection
EndGlobal
